
Microsoft Visual Studio Solution File, Format Version 12.00
# Visual Studio Version 16
VisualStudioVersion = 16.0.30611.23
MinimumVisualStudioVersion = 10.0.40219.1
Project("{FAE04EC0-301F-11D3-BF4B-00C04F79EFBC}") = "MinhPhuongLyC0757038Assignment2", "MinhPhuongLyC0757038Assignment2\MinhPhuongLyC0757038Assignment2.csproj", "{5887D6D9-22E6-47C6-813D-FA4FEC9A02EE}"
EndProject
Global
	GlobalSection(SolutionConfigurationPlatforms) = preSolution
		Debug|Any CPU = Debug|Any CPU
		Release|Any CPU = Release|Any CPU
	EndGlobalSection
	GlobalSection(ProjectConfigurationPlatforms) = postSolution
		{5887D6D9-22E6-47C6-813D-FA4FEC9A02EE}.Debug|Any CPU.ActiveCfg = Debug|Any CPU
		{5887D6D9-22E6-47C6-813D-FA4FEC9A02EE}.Debug|Any CPU.Build.0 = Debug|Any CPU
		{5887D6D9-22E6-47C6-813D-FA4FEC9A02EE}.Release|Any CPU.ActiveCfg = Release|Any CPU
		{5887D6D9-22E6-47C6-813D-FA4FEC9A02EE}.Release|Any CPU.Build.0 = Release|Any CPU
	EndGlobalSection
	GlobalSection(SolutionProperties) = preSolution
		HideSolutionNode = FALSE
	EndGlobalSection
	GlobalSection(ExtensibilityGlobals) = postSolution
		SolutionGuid = {28F1F337-2F3E-4742-8B94-FDE48BA5ABC5}
	EndGlobalSection
EndGlobal
